# This file is autogenerated, do not edit; changes may be undone by the next 'dep ensure'.


[[projects]]
  branch = "master"
  name = "github.com/chromedp/cdproto"
  packages = [".","accessibility","animation","applicationcache","audits","backgroundservice","browser","cachestorage","cast","cdp","css","database","debugger","deviceorientation","dom","domdebugger","domsnapshot","domstorage","emulation","fetch","headlessexperimental","heapprofiler","indexeddb","input","inspector","io","layertree","log","media","memory","network","overlay","page","performance","profiler","runtime","security","serviceworker","storage","systeminfo","target","tethering","tracing","webaudio","webauthn"]
  revision = "553aa270fe0a2b1e7b891cf08b92bd68353e1ad6"

[[projects]]
  name = "github.com/chromedp/chromedp"
  packages = [".","device","kb"]
  revision = "8e0a16689423d48d8907c62a543c7ea468059228"
  version = "v0.5.1"

[[projects]]
  branch = "master"
  name = "github.com/gobwas/httphead"
  packages = ["."]
  revision = "2c6c146eadee0b69f856f87e3e9f1d0cd6aad2f5"

[[projects]]
  name = "github.com/gobwas/pool"
  packages = [".","internal/pmath","pbufio","pbytes"]
  revision = "fa3125c39d7eca32e1387bb69b1b38dcb31b1e0b"
  version = "v0.2.0"

[[projects]]
  name = "github.com/gobwas/ws"
  packages = [".","wsutil"]
  revision = "05baaea2bbcfe8963301c62d9931c882d59595cd"
  version = "v1.0.2"

[[projects]]
  branch = "master"
  name = "github.com/knq/sysutil"
  packages = ["."]
  revision = "15668db23d08158adb81783bf9e1617e7ca99c10"

[[projects]]
  name = "github.com/mailru/easyjson"
  packages = [".","buffer","jlexer","jwriter"]
  revision = "1b2b06f5f209fea48ff5922d8bfb2b9ed5d8f00b"
  version = "v0.7.0"

[[projects]]
  branch = "master"
  name = "golang.org/x/sys"
  packages = ["unix"]
  revision = "f43be2a4598cf3a47be9f94f0c28197ed9eae611"

[solve-meta]
  analyzer-name = "dep"
  analyzer-version = 1
  inputs-digest = "dc35a1630405d417413865905969c5777ec0cc93a06255b237196d39d246465a"
  solver-name = "gps-cdcl"
  solver-version = 1
